
Microsoft Visual Studio Solution File, Format Version 12.00
# Visual Studio Version 17
VisualStudioVersion = 17.8.34219.65
MinimumVisualStudioVersion = 10.0.40219.1
Project("{FAE04EC0-301F-11D3-BF4B-00C04F79EFBC}") = "StudentInfoApps", "StudentInfoApps\StudentInfoApps.csproj", "{2F7ABA24-011E-4336-A1AB-5C7992A9F120}"
EndProject
Global
	GlobalSection(SolutionConfigurationPlatforms) = preSolution
		Debug|Any CPU = Debug|Any CPU
		Release|Any CPU = Release|Any CPU
	EndGlobalSection
	GlobalSection(ProjectConfigurationPlatforms) = postSolution
		{2F7ABA24-011E-4336-A1AB-5C7992A9F120}.Debug|Any CPU.ActiveCfg = Debug|Any CPU
		{2F7ABA24-011E-4336-A1AB-5C7992A9F120}.Debug|Any CPU.Build.0 = Debug|Any CPU
		{2F7ABA24-011E-4336-A1AB-5C7992A9F120}.Release|Any CPU.ActiveCfg = Release|Any CPU
		{2F7ABA24-011E-4336-A1AB-5C7992A9F120}.Release|Any CPU.Build.0 = Release|Any CPU
	EndGlobalSection
	GlobalSection(SolutionProperties) = preSolution
		HideSolutionNode = FALSE
	EndGlobalSection
	GlobalSection(ExtensibilityGlobals) = postSolution
		SolutionGuid = {12B47137-A0FB-4D25-BC3E-8B9B94F3EEA6}
	EndGlobalSection
EndGlobal
